
Microsoft Visual Studio Solution File, Format Version 12.00
# Visual Studio Version 16
VisualStudioVersion = 16.0.29411.108
MinimumVisualStudioVersion = 10.0.40219.1
Project("{FAE04EC0-301F-11D3-BF4B-00C04F79EFBC}") = "PlaygroundApi", "PlaygroundApi.csproj", "{27BD73F5-B6D1-4844-8980-51A25344BBA7}"
EndProject
Global
	GlobalSection(SolutionConfigurationPlatforms) = preSolution
		Debug|Any CPU = Debug|Any CPU
		Release|Any CPU = Release|Any CPU
	EndGlobalSection
	GlobalSection(ProjectConfigurationPlatforms) = postSolution
		{27BD73F5-B6D1-4844-8980-51A25344BBA7}.Debug|Any CPU.ActiveCfg = Debug|Any CPU
		{27BD73F5-B6D1-4844-8980-51A25344BBA7}.Debug|Any CPU.Build.0 = Debug|Any CPU
		{27BD73F5-B6D1-4844-8980-51A25344BBA7}.Release|Any CPU.ActiveCfg = Release|Any CPU
		{27BD73F5-B6D1-4844-8980-51A25344BBA7}.Release|Any CPU.Build.0 = Release|Any CPU
	EndGlobalSection
	GlobalSection(SolutionProperties) = preSolution
		HideSolutionNode = FALSE
	EndGlobalSection
	GlobalSection(ExtensibilityGlobals) = postSolution
		SolutionGuid = {F355244B-B7D5-4FD9-B522-66C138BDB950}
	EndGlobalSection
EndGlobal
